
Microsoft Visual Studio Solution File, Format Version 12.00
# Visual Studio Version 16
VisualStudioVersion = 16.0.31624.102
MinimumVisualStudioVersion = 10.0.40219.1
Project("{FAE04EC0-301F-11D3-BF4B-00C04F79EFBC}") = "WhileLoopExercises", "WhileLoopExercises\WhileLoopExercises.csproj", "{CBADC0C2-25BA-4997-AE25-792FF22EE2F0}"
EndProject
Project("{FAE04EC0-301F-11D3-BF4B-00C04F79EFBC}") = "NumsDividedBy3", "NumsDividedBy3\NumsDividedBy3.csproj", "{64A061CD-3480-454E-B068-6146FBBCFF68}"
EndProject
Global
	GlobalSection(SolutionConfigurationPlatforms) = preSolution
		Debug|Any CPU = Debug|Any CPU
		Release|Any CPU = Release|Any CPU
	EndGlobalSection
	GlobalSection(ProjectConfigurationPlatforms) = postSolution
		{CBADC0C2-25BA-4997-AE25-792FF22EE2F0}.Debug|Any CPU.ActiveCfg = Debug|Any CPU
		{CBADC0C2-25BA-4997-AE25-792FF22EE2F0}.Debug|Any CPU.Build.0 = Debug|Any CPU
		{CBADC0C2-25BA-4997-AE25-792FF22EE2F0}.Release|Any CPU.ActiveCfg = Release|Any CPU
		{CBADC0C2-25BA-4997-AE25-792FF22EE2F0}.Release|Any CPU.Build.0 = Release|Any CPU
		{64A061CD-3480-454E-B068-6146FBBCFF68}.Debug|Any CPU.ActiveCfg = Debug|Any CPU
		{64A061CD-3480-454E-B068-6146FBBCFF68}.Debug|Any CPU.Build.0 = Debug|Any CPU
		{64A061CD-3480-454E-B068-6146FBBCFF68}.Release|Any CPU.ActiveCfg = Release|Any CPU
		{64A061CD-3480-454E-B068-6146FBBCFF68}.Release|Any CPU.Build.0 = Release|Any CPU
	EndGlobalSection
	GlobalSection(SolutionProperties) = preSolution
		HideSolutionNode = FALSE
	EndGlobalSection
	GlobalSection(ExtensibilityGlobals) = postSolution
		SolutionGuid = {69A7F531-3253-4305-A633-1112EA89FCF8}
	EndGlobalSection
EndGlobal
